
Microsoft Visual Studio Solution File, Format Version 12.00
# Visual Studio Version 16
VisualStudioVersion = 16.0.30204.135
MinimumVisualStudioVersion = 10.0.40219.1
Project("{FAE04EC0-301F-11D3-BF4B-00C04F79EFBC}") = "Circustrein", "Circustrein\Circustrein.csproj", "{3EC5B994-1A0F-4E75-9867-BB26D8ADC65F}"
EndProject
Project("{FAE04EC0-301F-11D3-BF4B-00C04F79EFBC}") = "CircustreinUnitTest", "CircustreinUnitTest\CircustreinUnitTest.csproj", "{7DEB22CB-B586-45B2-8926-4B33FAAFEE3A}"
EndProject
Global
	GlobalSection(SolutionConfigurationPlatforms) = preSolution
		Debug|Any CPU = Debug|Any CPU
		Release|Any CPU = Release|Any CPU
	EndGlobalSection
	GlobalSection(ProjectConfigurationPlatforms) = postSolution
		{3EC5B994-1A0F-4E75-9867-BB26D8ADC65F}.Debug|Any CPU.ActiveCfg = Debug|Any CPU
		{3EC5B994-1A0F-4E75-9867-BB26D8ADC65F}.Debug|Any CPU.Build.0 = Debug|Any CPU
		{3EC5B994-1A0F-4E75-9867-BB26D8ADC65F}.Release|Any CPU.ActiveCfg = Release|Any CPU
		{3EC5B994-1A0F-4E75-9867-BB26D8ADC65F}.Release|Any CPU.Build.0 = Release|Any CPU
		{7DEB22CB-B586-45B2-8926-4B33FAAFEE3A}.Debug|Any CPU.ActiveCfg = Debug|Any CPU
		{7DEB22CB-B586-45B2-8926-4B33FAAFEE3A}.Debug|Any CPU.Build.0 = Debug|Any CPU
		{7DEB22CB-B586-45B2-8926-4B33FAAFEE3A}.Release|Any CPU.ActiveCfg = Release|Any CPU
		{7DEB22CB-B586-45B2-8926-4B33FAAFEE3A}.Release|Any CPU.Build.0 = Release|Any CPU
	EndGlobalSection
	GlobalSection(SolutionProperties) = preSolution
		HideSolutionNode = FALSE
	EndGlobalSection
	GlobalSection(ExtensibilityGlobals) = postSolution
		SolutionGuid = {58FBBDAB-2C4E-487B-B432-FF2F63B31756}
	EndGlobalSection
EndGlobal
